{
  "name": "jsrogue",
  "version": "1.0.0",
  "lockfileVersion": 1,
  "requires": true,
  "dependencies": {
    "@types/rot-js": {
      "version": "0.6.1",
      "resolved": "https://registry.npmjs.org/@types/rot-js/-/rot-js-0.6.1.tgz",
      "integrity": "sha512-sNY7AyaFxwLssYUO/Z+BhI8qVUAjHOI5n8qZN0kJfspTTtynMwQvqBzSe86f8CaE2EiC6NhY0t95f6CJVSD1HQ==",
      "dev": true
    },
    "@types/sprintf": {
      "version": "0.1.0",
      "resolved": "https://registry.npmjs.org/@types/sprintf/-/sprintf-0.1.0.tgz",
      "integrity": "sha512-2nCrar+IHBF8avAipoO3MmZm+pe3haEM/jD+4TeDaGmrBT7CdJb/k0jQ5HomtXgsScuV3ud/GoFuv7kUDe4Vfw==",
      "dev": true
    },
    "commander": {
      "version": "2.12.2",
      "resolved": "https://registry.npmjs.org/commander/-/commander-2.12.2.tgz",
      "integrity": "sha512-BFnaq5ZOGcDN7FlrtBT4xxkgIToalIIxwjxLWVJ8bGTpe1LroqMiqQXdA7ygc7CRvaYS+9zfPGFnJqFSayx+AA==",
      "dev": true
    },
    "rot-js": {
      "version": "0.5.2",
      "resolved": "https://registry.npmjs.org/rot-js/-/rot-js-0.5.2.tgz",
      "integrity": "sha1-D9/mH9K+F9yreZH1N6zDvolc3NY="
    },
    "source-map": {
      "version": "0.6.1",
      "resolved": "https://registry.npmjs.org/source-map/-/source-map-0.6.1.tgz",
      "integrity": "sha512-UjgapumWlbMhkBgzT7Ykc5YXUT46F0iKu8SGXq0bcwP5dz/h0Plj6enJqjz1Zbq2l5WaqYnrVbwWOWMyF3F47g==",
      "dev": true
    },
    "sprintf-js": {
      "version": "1.1.1",
      "resolved": "https://registry.npmjs.org/sprintf-js/-/sprintf-js-1.1.1.tgz",
      "integrity": "sha1-Nr54Mgr+WAH2zqPueLblqrlA6gw="
    },
    "tsc": {
      "version": "1.20150623.0",
      "resolved": "https://registry.npmjs.org/tsc/-/tsc-1.20150623.0.tgz",
      "integrity": "sha1-Trw8d04WkUjLx2inNCUz8ILHpuU="
    },
    "uglify-js": {
      "version": "3.2.2",
      "resolved": "https://registry.npmjs.org/uglify-js/-/uglify-js-3.2.2.tgz",
      "integrity": "sha512-++1NO/zZIEdWf6cDIGceSJQPX31SqIpbVAHwFG5+240MtZqPG/NIPoinj8zlXQtAfMBqEt1Jyv2FiLP3n9gVhQ==",
      "dev": true,
      "requires": {
        "commander": "2.12.2",
        "source-map": "0.6.1"
      }
    }
  }
}
